// !$*UTF8*$!
{
	archiveVersion = 1;
	classes = {
	};
	objectVersion = 50;
	objects = {

/* Begin PBXBuildFile section */
		62DB716517D0FEF05864F82C /* MainViewController.swift in Sources */ = {isa = PBXBuildFile; fileRef = 62DB7F49EB6FE1C08818D6EF /* MainViewController.swift */; };
		62DB72048CE4CB76918F056E /* UserInfo.swift in Sources */ = {isa = PBXBuildFile; fileRef = 62DB7109933122798D011BA3 /* UserInfo.swift */; };
		62DB7339513876D626406AF9 /* SingleClickViewController.swift in Sources */ = {isa = PBXBuildFile; fileRef = 62DB7C2E151EB7BE76561C6B /* SingleClickViewController.swift */; };
		62DB735F7F9A9C331B2E9692 /* DataTestViewController.swift in Sources */ = {isa = PBXBuildFile; fileRef = 62DB75119D058715169EC676 /* DataTestViewController.swift */; };
		62DB73F8CE1080A7F14CC3B8 /* LocationViewController.swift in Sources */ = {isa = PBXBuildFile; fileRef = 62DB77004F20288DE902D360 /* LocationViewController.swift */; };
		62DB740A5B6B391B4B40DC1C /* Size.swift in Sources */ = {isa = PBXBuildFile; fileRef = 62DB77712023C50558BE5B9A /* Size.swift */; };
		62DB784E15F317B85E733FB5 /* DataModel.swift in Sources */ = {isa = PBXBuildFile; fileRef = 62DB7724F0D8452A7D9258FC /* DataModel.swift */; };
		62DB78F32F8EDF494560AB97 /* Link.swift in Sources */ = {isa = PBXBuildFile; fileRef = 62DB767C2CF990FFF46778BA /* Link.swift */; };
		62DB799D0C3E665940C5B0F4 /* Meta.swift in Sources */ = {isa = PBXBuildFile; fileRef = 62DB708DEF8C17F01D839DF7 /* Meta.swift */; };
		62DB7A49EF6099AE4873F834 /* HttpViewController.swift in Sources */ = {isa = PBXBuildFile; fileRef = 62DB775884D988B1B21F6AF8 /* HttpViewController.swift */; };
		62DB7BCF78F9CC4BBB18F3BF /* Img.swift in Sources */ = {isa = PBXBuildFile; fileRef = 62DB77D841F19944F1297CDD /* Img.swift */; };
		62DB7BE2E40DD3D320D4FCC4 /* MenuViewController.swift in Sources */ = {isa = PBXBuildFile; fileRef = 62DB7BEA3517F9A95C766040 /* MenuViewController.swift */; };
		62DB7C306BEB375614A4D4F9 /* NewsResponse.swift in Sources */ = {isa = PBXBuildFile; fileRef = 62DB79E88210465A4738CCD9 /* NewsResponse.swift */; };
		62DB7C4D59BDFBF26C8B1C25 /* News.swift in Sources */ = {isa = PBXBuildFile; fileRef = 62DB71FC2D730E3220C50921 /* News.swift */; };
		62DB7D994367946272F85E74 /* SlideViewController.swift in Sources */ = {isa = PBXBuildFile; fileRef = 62DB739F181CE392F679DA8E /* SlideViewController.swift */; };
		62DB7F2A3225EBB309880DC0 /* MapKitViewController.swift in Sources */ = {isa = PBXBuildFile; fileRef = 62DB7386167FDEAE33F80BFE /* MapKitViewController.swift */; };
		A43C9D362106BE3200A5143A /* AppDelegate.swift in Sources */ = {isa = PBXBuildFile; fileRef = A43C9D352106BE3200A5143A /* AppDelegate.swift */; };
		A43C9D3D2106BE3300A5143A /* Assets.xcassets in Resources */ = {isa = PBXBuildFile; fileRef = A43C9D3C2106BE3300A5143A /* Assets.xcassets */; };
		A43C9D402106BE3300A5143A /* LaunchScreen.storyboard in Resources */ = {isa = PBXBuildFile; fileRef = A43C9D3E2106BE3300A5143A /* LaunchScreen.storyboard */; };
		A43C9D482106CB2100A5143A /* RootViewController.swift in Sources */ = {isa = PBXBuildFile; fileRef = A43C9D472106CB2100A5143A /* RootViewController.swift */; };
		A44DE9C7210B074A007587E4 /* RedViewController.swift in Sources */ = {isa = PBXBuildFile; fileRef = A44DE9C6210B074A007587E4 /* RedViewController.swift */; };
		A44DE9C9210B0758007587E4 /* BlueViewController.swift in Sources */ = {isa = PBXBuildFile; fileRef = A44DE9C8210B0758007587E4 /* BlueViewController.swift */; };
		A44DE9CC210B076A007587E4 /* GreenViewController.swift in Sources */ = {isa = PBXBuildFile; fileRef = A44DE9CB210B076A007587E4 /* GreenViewController.swift */; };
		A44DE9CE210B1680007587E4 /* MyUINavigationController.swift in Sources */ = {isa = PBXBuildFile; fileRef = A44DE9CD210B1680007587E4 /* MyUINavigationController.swift */; };
		A44DE9D3210B1873007587E4 /* RedTBViewController.swift in Sources */ = {isa = PBXBuildFile; fileRef = A44DE9D2210B1873007587E4 /* RedTBViewController.swift */; };
		A44DE9D5210B188D007587E4 /* BlueTBViewController.swift in Sources */ = {isa = PBXBuildFile; fileRef = A44DE9D4210B188D007587E4 /* BlueTBViewController.swift */; };
		A44DE9D7210B189D007587E4 /* GreenTBViewController.swift in Sources */ = {isa = PBXBuildFile; fileRef = A44DE9D6210B189D007587E4 /* GreenTBViewController.swift */; };
		A44DE9DA210B191C007587E4 /* MyUITabBarControllerViewController.swift in Sources */ = {isa = PBXBuildFile; fileRef = A44DE9D9210B191C007587E4 /* MyUITabBarControllerViewController.swift */; };
		A4D554AE210AFD1B00A8D5DD /* HomeViewController.swift in Sources */ = {isa = PBXBuildFile; fileRef = A4D554AD210AFD1B00A8D5DD /* HomeViewController.swift */; };
		A4DA35352114048100EBE16C /* InMessageViewController.swift in Sources */ = {isa = PBXBuildFile; fileRef = A4DA35342114048100EBE16C /* InMessageViewController.swift */; };
		A4DA35372114048F00EBE16C /* OutMessageViewController.swift in Sources */ = {isa = PBXBuildFile; fileRef = A4DA35362114048F00EBE16C /* OutMessageViewController.swift */; };
		E1B233842C082DEF21B3CCBE /* Pods_IOSDemo.framework in Frameworks */ = {isa = PBXBuildFile; fileRef = 42DC6A52E3E65BC17DD423B2 /* Pods_IOSDemo.framework */; };
/* End PBXBuildFile section */

/* Begin PBXFileReference section */
		42DC6A52E3E65BC17DD423B2 /* Pods_IOSDemo.framework */ = {isa = PBXFileReference; explicitFileType = wrapper.framework; includeInIndex = 0; path = Pods_IOSDemo.framework; sourceTree = BUILT_PRODUCTS_DIR; };
		62DB708DEF8C17F01D839DF7 /* Meta.swift */ = {isa = PBXFileReference; fileEncoding = 4; lastKnownFileType = sourcecode.swift; path = Meta.swift; sourceTree = "<group>"; };
		62DB7109933122798D011BA3 /* UserInfo.swift */ = {isa = PBXFileReference; fileEncoding = 4; lastKnownFileType = sourcecode.swift; path = UserInfo.swift; sourceTree = "<group>"; };
		62DB71FC2D730E3220C50921 /* News.swift */ = {isa = PBXFileReference; fileEncoding = 4; lastKnownFileType = sourcecode.swift; path = News.swift; sourceTree = "<group>"; };
		62DB7386167FDEAE33F80BFE /* MapKitViewController.swift */ = {isa = PBXFileReference; fileEncoding = 4; lastKnownFileType = sourcecode.swift; path = MapKitViewController.swift; sourceTree = "<group>"; };
		62DB739F181CE392F679DA8E /* SlideViewController.swift */ = {isa = PBXFileReference; fileEncoding = 4; lastKnownFileType = sourcecode.swift; path = SlideViewController.swift; sourceTree = "<group>"; };
		62DB75119D058715169EC676 /* DataTestViewController.swift */ = {isa = PBXFileReference; fileEncoding = 4; lastKnownFileType = sourcecode.swift; path = DataTestViewController.swift; sourceTree = "<group>"; };
		62DB767C2CF990FFF46778BA /* Link.swift */ = {isa = PBXFileReference; fileEncoding = 4; lastKnownFileType = sourcecode.swift; path = Link.swift; sourceTree = "<group>"; };
		62DB77004F20288DE902D360 /* LocationViewController.swift */ = {isa = PBXFileReference; fileEncoding = 4; lastKnownFileType = sourcecode.swift; path = LocationViewController.swift; sourceTree = "<group>"; };
		62DB7724F0D8452A7D9258FC /* DataModel.swift */ = {isa = PBXFileReference; fileEncoding = 4; lastKnownFileType = sourcecode.swift; path = DataModel.swift; sourceTree = "<group>"; };
		62DB775884D988B1B21F6AF8 /* HttpViewController.swift */ = {isa = PBXFileReference; fileEncoding = 4; lastKnownFileType = sourcecode.swift; path = HttpViewController.swift; sourceTree = "<group>"; };
		62DB77712023C50558BE5B9A /* Size.swift */ = {isa = PBXFileReference; fileEncoding = 4; lastKnownFileType = sourcecode.swift; path = Size.swift; sourceTree = "<group>"; };
		62DB77D841F19944F1297CDD /* Img.swift */ = {isa = PBXFileReference; fileEncoding = 4; lastKnownFileType = sourcecode.swift; path = Img.swift; sourceTree = "<group>"; };
		62DB79E88210465A4738CCD9 /* NewsResponse.swift */ = {isa = PBXFileReference; fileEncoding = 4; lastKnownFileType = sourcecode.swift; path = NewsResponse.swift; sourceTree = "<group>"; };
		62DB7BEA3517F9A95C766040 /* MenuViewController.swift */ = {isa = PBXFileReference; fileEncoding = 4; lastKnownFileType = sourcecode.swift; path = MenuViewController.swift; sourceTree = "<group>"; };
		62DB7C2E151EB7BE76561C6B /* SingleClickViewController.swift */ = {isa = PBXFileReference; fileEncoding = 4; lastKnownFileType = sourcecode.swift; path = SingleClickViewController.swift; sourceTree = "<group>"; };
		62DB7F49EB6FE1C08818D6EF /* MainViewController.swift */ = {isa = PBXFileReference; fileEncoding = 4; lastKnownFileType = sourcecode.swift; path = MainViewController.swift; sourceTree = "<group>"; };
		9EBA042A9F4A6509559C87C4 /* Pods-IOSDemo.release.xcconfig */ = {isa = PBXFileReference; includeInIndex = 1; lastKnownFileType = text.xcconfig; name = "Pods-IOSDemo.release.xcconfig"; path = "Pods/Target Support Files/Pods-IOSDemo/Pods-IOSDemo.release.xcconfig"; sourceTree = "<group>"; };
		A43C9D322106BE3200A5143A /* IOSDemo.app */ = {isa = PBXFileReference; explicitFileType = wrapper.application; includeInIndex = 0; path = IOSDemo.app; sourceTree = BUILT_PRODUCTS_DIR; };
		A43C9D352106BE3200A5143A /* AppDelegate.swift */ = {isa = PBXFileReference; lastKnownFileType = sourcecode.swift; path = AppDelegate.swift; sourceTree = "<group>"; };
		A43C9D3C2106BE3300A5143A /* Assets.xcassets */ = {isa = PBXFileReference; lastKnownFileType = folder.assetcatalog; path = Assets.xcassets; sourceTree = "<group>"; };
		A43C9D3F2106BE3300A5143A /* Base */ = {isa = PBXFileReference; lastKnownFileType = file.storyboard; name = Base; path = Base.lproj/LaunchScreen.storyboard; sourceTree = "<group>"; };
		A43C9D412106BE3300A5143A /* Info.plist */ = {isa = PBXFileReference; lastKnownFileType = text.plist.xml; path = Info.plist; sourceTree = "<group>"; };
		A43C9D472106CB2100A5143A /* RootViewController.swift */ = {isa = PBXFileReference; lastKnownFileType = sourcecode.swift; path = RootViewController.swift; sourceTree = "<group>"; };
		A44DE9C6210B074A007587E4 /* RedViewController.swift */ = {isa = PBXFileReference; lastKnownFileType = sourcecode.swift; path = RedViewController.swift; sourceTree = "<group>"; };
		A44DE9C8210B0758007587E4 /* BlueViewController.swift */ = {isa = PBXFileReference; lastKnownFileType = sourcecode.swift; path = BlueViewController.swift; sourceTree = "<group>"; };
		A44DE9CB210B076A007587E4 /* GreenViewController.swift */ = {isa = PBXFileReference; lastKnownFileType = sourcecode.swift; path = GreenViewController.swift; sourceTree = "<group>"; };
		A44DE9CD210B1680007587E4 /* MyUINavigationController.swift */ = {isa = PBXFileReference; lastKnownFileType = sourcecode.swift; path = MyUINavigationController.swift; sourceTree = "<group>"; };
		A44DE9D2210B1873007587E4 /* RedTBViewController.swift */ = {isa = PBXFileReference; lastKnownFileType = sourcecode.swift; path = RedTBViewController.swift; sourceTree = "<group>"; };
		A44DE9D4210B188D007587E4 /* BlueTBViewController.swift */ = {isa = PBXFileReference; lastKnownFileType = sourcecode.swift; path = BlueTBViewController.swift; sourceTree = "<group>"; };
		A44DE9D6210B189D007587E4 /* GreenTBViewController.swift */ = {isa = PBXFileReference; lastKnownFileType = sourcecode.swift; path = GreenTBViewController.swift; sourceTree = "<group>"; };
		A44DE9D9210B191C007587E4 /* MyUITabBarControllerViewController.swift */ = {isa = PBXFileReference; lastKnownFileType = sourcecode.swift; path = MyUITabBarControllerViewController.swift; sourceTree = "<group>"; };
		A4D554AD210AFD1B00A8D5DD /* HomeViewController.swift */ = {isa = PBXFileReference; lastKnownFileType = sourcecode.swift; path = HomeViewController.swift; sourceTree = "<group>"; };
		A4DA35342114048100EBE16C /* InMessageViewController.swift */ = {isa = PBXFileReference; lastKnownFileType = sourcecode.swift; path = InMessageViewController.swift; sourceTree = "<group>"; };
		A4DA35362114048F00EBE16C /* OutMessageViewController.swift */ = {isa = PBXFileReference; lastKnownFileType = sourcecode.swift; path = OutMessageViewController.swift; sourceTree = "<group>"; };
		D57E7B8FF2C594F2E5358824 /* Pods-IOSDemo.debug.xcconfig */ = {isa = PBXFileReference; includeInIndex = 1; lastKnownFileType = text.xcconfig; name = "Pods-IOSDemo.debug.xcconfig"; path = "Pods/Target Support Files/Pods-IOSDemo/Pods-IOSDemo.debug.xcconfig"; sourceTree = "<group>"; };
/* End PBXFileReference section */

/* Begin PBXFrameworksBuildPhase section */
		A43C9D2F2106BE3200A5143A /* Frameworks */ = {
			isa = PBXFrameworksBuildPhase;
			buildActionMask = 2147483647;
			files = (
				E1B233842C082DEF21B3CCBE /* Pods_IOSDemo.framework in Frameworks */,
			);
			runOnlyForDeploymentPostprocessing = 0;
		};
/* End PBXFrameworksBuildPhase section */

/* Begin PBXGroup section */
		070B70980C7790DDB60E5CA6 /* Frameworks */ = {
			isa = PBXGroup;
			children = (
				42DC6A52E3E65BC17DD423B2 /* Pods_IOSDemo.framework */,
			);
			name = Frameworks;
			sourceTree = "<group>";
		};
		62DB7129A6047ED9A17BC502 /* Pojo */ = {
			isa = PBXGroup;
			children = (
				62DB7109933122798D011BA3 /* UserInfo.swift */,
				62DB7724F0D8452A7D9258FC /* DataModel.swift */,
			);
			path = Pojo;
			sourceTree = "<group>";
		};
		62DB72212C250142725A37FD /* controller_data */ = {
			isa = PBXGroup;
			children = (
				62DB75119D058715169EC676 /* DataTestViewController.swift */,
				62DB7129A6047ED9A17BC502 /* Pojo */,
			);
			path = controller_data;
			sourceTree = "<group>";
		};
		62DB72F61AA3FF0CF007C8F7 /* controller_http */ = {
			isa = PBXGroup;
			children = (
				62DB775884D988B1B21F6AF8 /* HttpViewController.swift */,
				62DB7EFBAC4680014C1C26A6 /* Pojo */,
			);
			path = controller_http;
			sourceTree = "<group>";
		};
		62DB75C6AEA24D9939204940 /* controller_mapkit */ = {
			isa = PBXGroup;
			children = (
				62DB7386167FDEAE33F80BFE /* MapKitViewController.swift */,
			);
			path = controller_mapkit;
			sourceTree = "<group>";
		};
		62DB772C15C145FA206DB4DC /* controller_gesture */ = {
			isa = PBXGroup;
			children = (
				62DB7C2E151EB7BE76561C6B /* SingleClickViewController.swift */,
			);
			path = controller_gesture;
			sourceTree = "<group>";
		};
		62DB7D083FB9D8745E8A1FCB /* controller_slide */ = {
			isa = PBXGroup;
			children = (
				62DB739F181CE392F679DA8E /* SlideViewController.swift */,
				62DB7BEA3517F9A95C766040 /* MenuViewController.swift */,
				62DB7F49EB6FE1C08818D6EF /* MainViewController.swift */,
			);
			path = controller_slide;
			sourceTree = "<group>";
		};
		62DB7E7DD16923AFD06FCD27 /* controller_location */ = {
			isa = PBXGroup;
			children = (
				62DB77004F20288DE902D360 /* LocationViewController.swift */,
			);
			path = controller_location;
			sourceTree = "<group>";
		};
		62DB7EFBAC4680014C1C26A6 /* Pojo */ = {
			isa = PBXGroup;
			children = (
				62DB79E88210465A4738CCD9 /* NewsResponse.swift */,
				62DB708DEF8C17F01D839DF7 /* Meta.swift */,
				62DB71FC2D730E3220C50921 /* News.swift */,
				62DB77D841F19944F1297CDD /* Img.swift */,
				62DB77712023C50558BE5B9A /* Size.swift */,
				62DB767C2CF990FFF46778BA /* Link.swift */,
			);
			path = Pojo;
			sourceTree = "<group>";
		};
		A43C9D292106BE3200A5143A = {
			isa = PBXGroup;
			children = (
				A43C9D342106BE3200A5143A /* IOSDemo */,
				A43C9D332106BE3200A5143A /* Products */,
				F2DAB649F98166101F91927A /* Pods */,
				070B70980C7790DDB60E5CA6 /* Frameworks */,
			);
			sourceTree = "<group>";
		};
		A43C9D332106BE3200A5143A /* Products */ = {
			isa = PBXGroup;
			children = (
				A43C9D322106BE3200A5143A /* IOSDemo.app */,
			);
			name = Products;
			sourceTree = "<group>";
		};
		A43C9D342106BE3200A5143A /* IOSDemo */ = {
			isa = PBXGroup;
			children = (
				A4DA35332114045F00EBE16C /* controller_message */,
				A4DA352B2113EF4B00EBE16C /* Utils */,
				A44DE9D8210B18D1007587E4 /* controller */,
				A44DE9CF210B180B007587E4 /* controller_tab_bar */,
				A44DE9C5210B0726007587E4 /* controller_ui_navigation */,
				A43C9D352106BE3200A5143A /* AppDelegate.swift */,
				A43C9D3C2106BE3300A5143A /* Assets.xcassets */,
				A43C9D3E2106BE3300A5143A /* LaunchScreen.storyboard */,
				A43C9D412106BE3300A5143A /* Info.plist */,
				A43C9D472106CB2100A5143A /* RootViewController.swift */,
				62DB772C15C145FA206DB4DC /* controller_gesture */,
				62DB72F61AA3FF0CF007C8F7 /* controller_http */,
				62DB72212C250142725A37FD /* controller_data */,
				62DB7E7DD16923AFD06FCD27 /* controller_location */,
				62DB75C6AEA24D9939204940 /* controller_mapkit */,
				62DB7D083FB9D8745E8A1FCB /* controller_slide */,
			);
			path = IOSDemo;
			sourceTree = "<group>";
		};
		A44DE9C5210B0726007587E4 /* controller_ui_navigation */ = {
			isa = PBXGroup;
			children = (
				A44DE9C6210B074A007587E4 /* RedViewController.swift */,
				A44DE9C8210B0758007587E4 /* BlueViewController.swift */,
				A44DE9CB210B076A007587E4 /* GreenViewController.swift */,
			);
			path = controller_ui_navigation;
			sourceTree = "<group>";
		};
		A44DE9CF210B180B007587E4 /* controller_tab_bar */ = {
			isa = PBXGroup;
			children = (
				A44DE9D2210B1873007587E4 /* RedTBViewController.swift */,
				A44DE9D4210B188D007587E4 /* BlueTBViewController.swift */,
				A44DE9D6210B189D007587E4 /* GreenTBViewController.swift */,
			);
			path = controller_tab_bar;
			sourceTree = "<group>";
		};
		A44DE9D8210B18D1007587E4 /* controller */ = {
			isa = PBXGroup;
			children = (
				A4D554AD210AFD1B00A8D5DD /* HomeViewController.swift */,
				A44DE9CD210B1680007587E4 /* MyUINavigationController.swift */,
				A44DE9D9210B191C007587E4 /* MyUITabBarControllerViewController.swift */,
			);
			path = controller;
			sourceTree = "<group>";
		};
		A4DA352B2113EF4B00EBE16C /* Utils */ = {
			isa = PBXGroup;
			children = (
			);
			path = Utils;
			sourceTree = "<group>";
		};
		A4DA35332114045F00EBE16C /* controller_message */ = {
			isa = PBXGroup;
			children = (
				A4DA35342114048100EBE16C /* InMessageViewController.swift */,
				A4DA35362114048F00EBE16C /* OutMessageViewController.swift */,
			);
			path = controller_message;
			sourceTree = "<group>";
		};
		F2DAB649F98166101F91927A /* Pods */ = {
			isa = PBXGroup;
			children = (
				D57E7B8FF2C594F2E5358824 /* Pods-IOSDemo.debug.xcconfig */,
				9EBA042A9F4A6509559C87C4 /* Pods-IOSDemo.release.xcconfig */,
			);
			name = Pods;
			sourceTree = "<group>";
		};
/* End PBXGroup section */

/* Begin PBXNativeTarget section */
		A43C9D312106BE3200A5143A /* IOSDemo */ = {
			isa = PBXNativeTarget;
			buildConfigurationList = A43C9D442106BE3300A5143A /* Build configuration list for PBXNativeTarget "IOSDemo" */;
			buildPhases = (
				93B60A7EC871CE85FA018C76 /* [CP] Check Pods Manifest.lock */,
				A43C9D2E2106BE3200A5143A /* Sources */,
				A43C9D2F2106BE3200A5143A /* Frameworks */,
				A43C9D302106BE3200A5143A /* Resources */,
				6EA8FE193AB8EC9BD0FE3AB6 /* [CP] Embed Pods Frameworks */,
			);
			buildRules = (
			);
			dependencies = (
			);
			name = IOSDemo;
			productName = IOSDemo;
			productReference = A43C9D322106BE3200A5143A /* IOSDemo.app */;
			productType = "com.apple.product-type.application";
		};
/* End PBXNativeTarget section */

/* Begin PBXProject section */
		A43C9D2A2106BE3200A5143A /* Project object */ = {
			isa = PBXProject;
			attributes = {
				LastSwiftUpdateCheck = 0940;
				LastUpgradeCheck = 0940;
				ORGANIZATIONNAME = makai;
				TargetAttributes = {
					A43C9D312106BE3200A5143A = {
						CreatedOnToolsVersion = 9.4.1;
					};
				};
			};
			buildConfigurationList = A43C9D2D2106BE3200A5143A /* Build configuration list for PBXProject "IOSDemo" */;
			compatibilityVersion = "Xcode 9.3";
			developmentRegion = en;
			hasScannedForEncodings = 0;
			knownRegions = (
				en,
				Base,
			);
			mainGroup = A43C9D292106BE3200A5143A;
			productRefGroup = A43C9D332106BE3200A5143A /* Products */;
			projectDirPath = "";
			projectRoot = "";
			targets = (
				A43C9D312106BE3200A5143A /* IOSDemo */,
			);
		};
/* End PBXProject section */

/* Begin PBXResourcesBuildPhase section */
		A43C9D302106BE3200A5143A /* Resources */ = {
			isa = PBXResourcesBuildPhase;
			buildActionMask = 2147483647;
			files = (
				A43C9D402106BE3300A5143A /* LaunchScreen.storyboard in Resources */,
				A43C9D3D2106BE3300A5143A /* Assets.xcassets in Resources */,
			);
			runOnlyForDeploymentPostprocessing = 0;
		};
/* End PBXResourcesBuildPhase section */

/* Begin PBXShellScriptBuildPhase section */
		6EA8FE193AB8EC9BD0FE3AB6 /* [CP] Embed Pods Frameworks */ = {
			isa = PBXShellScriptBuildPhase;
			buildActionMask = 2147483647;
			files = (
			);
			inputPaths = (
				"${SRCROOT}/Pods/Target Support Files/Pods-IOSDemo/Pods-IOSDemo-frameworks.sh",
				"${BUILT_PRODUCTS_DIR}/HandyJSON/HandyJSON.framework",
			);
			name = "[CP] Embed Pods Frameworks";
			outputPaths = (
				"${TARGET_BUILD_DIR}/${FRAMEWORKS_FOLDER_PATH}/HandyJSON.framework",
			);
			runOnlyForDeploymentPostprocessing = 0;
			shellPath = /bin/sh;
			shellScript = "\"${SRCROOT}/Pods/Target Support Files/Pods-IOSDemo/Pods-IOSDemo-frameworks.sh\"\n";
			showEnvVarsInLog = 0;
		};
		93B60A7EC871CE85FA018C76 /* [CP] Check Pods Manifest.lock */ = {
			isa = PBXShellScriptBuildPhase;
			buildActionMask = 2147483647;
			files = (
			);
			inputPaths = (
				"${PODS_PODFILE_DIR_PATH}/Podfile.lock",
				"${PODS_ROOT}/Manifest.lock",
			);
			name = "[CP] Check Pods Manifest.lock";
			outputPaths = (
				"$(DERIVED_FILE_DIR)/Pods-IOSDemo-checkManifestLockResult.txt",
			);
			runOnlyForDeploymentPostprocessing = 0;
			shellPath = /bin/sh;
			shellScript = "diff \"${PODS_PODFILE_DIR_PATH}/Podfile.lock\" \"${PODS_ROOT}/Manifest.lock\" > /dev/null\nif [ $? != 0 ] ; then\n    # print error to STDERR\n    echo \"error: The sandbox is not in sync with the Podfile.lock. Run 'pod install' or update your CocoaPods installation.\" >&2\n    exit 1\nfi\n# This output is used by Xcode 'outputs' to avoid re-running this script phase.\necho \"SUCCESS\" > \"${SCRIPT_OUTPUT_FILE_0}\"\n";
			showEnvVarsInLog = 0;
		};
/* End PBXShellScriptBuildPhase section */

/* Begin PBXSourcesBuildPhase section */
		A43C9D2E2106BE3200A5143A /* Sources */ = {
			isa = PBXSourcesBuildPhase;
			buildActionMask = 2147483647;
			files = (
				A44DE9CC210B076A007587E4 /* GreenViewController.swift in Sources */,
				A44DE9C7210B074A007587E4 /* RedViewController.swift in Sources */,
				A44DE9CE210B1680007587E4 /* MyUINavigationController.swift in Sources */,
				A43C9D482106CB2100A5143A /* RootViewController.swift in Sources */,
				A4DA35372114048F00EBE16C /* OutMessageViewController.swift in Sources */,
				A44DE9D5210B188D007587E4 /* BlueTBViewController.swift in Sources */,
				A44DE9D3210B1873007587E4 /* RedTBViewController.swift in Sources */,
				A44DE9DA210B191C007587E4 /* MyUITabBarControllerViewController.swift in Sources */,
				A43C9D362106BE3200A5143A /* AppDelegate.swift in Sources */,
				A44DE9C9210B0758007587E4 /* BlueViewController.swift in Sources */,
				A4DA35352114048100EBE16C /* InMessageViewController.swift in Sources */,
				A44DE9D7210B189D007587E4 /* GreenTBViewController.swift in Sources */,
				A4D554AE210AFD1B00A8D5DD /* HomeViewController.swift in Sources */,
				62DB7339513876D626406AF9 /* SingleClickViewController.swift in Sources */,
				62DB7A49EF6099AE4873F834 /* HttpViewController.swift in Sources */,
				62DB735F7F9A9C331B2E9692 /* DataTestViewController.swift in Sources */,
				62DB72048CE4CB76918F056E /* UserInfo.swift in Sources */,
				62DB784E15F317B85E733FB5 /* DataModel.swift in Sources */,
				62DB7C306BEB375614A4D4F9 /* NewsResponse.swift in Sources */,
				62DB799D0C3E665940C5B0F4 /* Meta.swift in Sources */,
				62DB7C4D59BDFBF26C8B1C25 /* News.swift in Sources */,
				62DB7BCF78F9CC4BBB18F3BF /* Img.swift in Sources */,
				62DB740A5B6B391B4B40DC1C /* Size.swift in Sources */,
				62DB78F32F8EDF494560AB97 /* Link.swift in Sources */,
				62DB73F8CE1080A7F14CC3B8 /* LocationViewController.swift in Sources */,
				62DB7F2A3225EBB309880DC0 /* MapKitViewController.swift in Sources */,
				62DB7D994367946272F85E74 /* SlideViewController.swift in Sources */,
				62DB7BE2E40DD3D320D4FCC4 /* MenuViewController.swift in Sources */,
				62DB716517D0FEF05864F82C /* MainViewController.swift in Sources */,
			);
			runOnlyForDeploymentPostprocessing = 0;
		};
/* End PBXSourcesBuildPhase section */

/* Begin PBXVariantGroup section */
		A43C9D3E2106BE3300A5143A /* LaunchScreen.storyboard */ = {
			isa = PBXVariantGroup;
			children = (
				A43C9D3F2106BE3300A5143A /* Base */,
			);
			name = LaunchScreen.storyboard;
			sourceTree = "<group>";
		};
/* End PBXVariantGroup section */

/* Begin XCBuildConfiguration section */
		A43C9D422106BE3300A5143A /* Debug */ = {
			isa = XCBuildConfiguration;
			buildSettings = {
				ALWAYS_SEARCH_USER_PATHS = NO;
				CLANG_ANALYZER_NONNULL = YES;
				CLANG_ANALYZER_NUMBER_OBJECT_CONVERSION = YES_AGGRESSIVE;
				CLANG_CXX_LANGUAGE_STANDARD = "gnu++14";
				CLANG_CXX_LIBRARY = "libc++";
				CLANG_ENABLE_MODULES = YES;
				CLANG_ENABLE_OBJC_ARC = YES;
				CLANG_ENABLE_OBJC_WEAK = YES;
				CLANG_WARN_BLOCK_CAPTURE_AUTORELEASING = YES;
				CLANG_WARN_BOOL_CONVERSION = YES;
				CLANG_WARN_COMMA = YES;
				CLANG_WARN_CONSTANT_CONVERSION = YES;
				CLANG_WARN_DEPRECATED_OBJC_IMPLEMENTATIONS = YES;
				CLANG_WARN_DIRECT_OBJC_ISA_USAGE = YES_ERROR;
				CLANG_WARN_DOCUMENTATION_COMMENTS = YES;
				CLANG_WARN_EMPTY_BODY = YES;
				CLANG_WARN_ENUM_CONVERSION = YES;
				CLANG_WARN_INFINITE_RECURSION = YES;
				CLANG_WARN_INT_CONVERSION = YES;
				CLANG_WARN_NON_LITERAL_NULL_CONVERSION = YES;
				CLANG_WARN_OBJC_IMPLICIT_RETAIN_SELF = YES;
				CLANG_WARN_OBJC_LITERAL_CONVERSION = YES;
				CLANG_WARN_OBJC_ROOT_CLASS = YES_ERROR;
				CLANG_WARN_RANGE_LOOP_ANALYSIS = YES;
				CLANG_WARN_STRICT_PROTOTYPES = YES;
				CLANG_WARN_SUSPICIOUS_MOVE = YES;
				CLANG_WARN_UNGUARDED_AVAILABILITY = YES_AGGRESSIVE;
				CLANG_WARN_UNREACHABLE_CODE = YES;
				CLANG_WARN__DUPLICATE_METHOD_MATCH = YES;
				CODE_SIGN_IDENTITY = "iPhone Developer";
				COPY_PHASE_STRIP = NO;
				DEBUG_INFORMATION_FORMAT = dwarf;
				ENABLE_STRICT_OBJC_MSGSEND = YES;
				ENABLE_TESTABILITY = YES;
				GCC_C_LANGUAGE_STANDARD = gnu11;
				GCC_DYNAMIC_NO_PIC = NO;
				GCC_NO_COMMON_BLOCKS = YES;
				GCC_OPTIMIZATION_LEVEL = 0;
				GCC_PREPROCESSOR_DEFINITIONS = (
					"DEBUG=1",
					"$(inherited)",
				);
				GCC_WARN_64_TO_32_BIT_CONVERSION = YES;
				GCC_WARN_ABOUT_RETURN_TYPE = YES_ERROR;
				GCC_WARN_UNDECLARED_SELECTOR = YES;
				GCC_WARN_UNINITIALIZED_AUTOS = YES_AGGRESSIVE;
				GCC_WARN_UNUSED_FUNCTION = YES;
				GCC_WARN_UNUSED_VARIABLE = YES;
				IPHONEOS_DEPLOYMENT_TARGET = 11.4;
				MTL_ENABLE_DEBUG_INFO = YES;
				ONLY_ACTIVE_ARCH = YES;
				SDKROOT = iphoneos;
				SWIFT_ACTIVE_COMPILATION_CONDITIONS = DEBUG;
				SWIFT_OPTIMIZATION_LEVEL = "-Onone";
			};
			name = Debug;
		};
		A43C9D432106BE3300A5143A /* Release */ = {
			isa = XCBuildConfiguration;
			buildSettings = {
				ALWAYS_SEARCH_USER_PATHS = NO;
				CLANG_ANALYZER_NONNULL = YES;
				CLANG_ANALYZER_NUMBER_OBJECT_CONVERSION = YES_AGGRESSIVE;
				CLANG_CXX_LANGUAGE_STANDARD = "gnu++14";
				CLANG_CXX_LIBRARY = "libc++";
				CLANG_ENABLE_MODULES = YES;
				CLANG_ENABLE_OBJC_ARC = YES;
				CLANG_ENABLE_OBJC_WEAK = YES;
				CLANG_WARN_BLOCK_CAPTURE_AUTORELEASING = YES;
				CLANG_WARN_BOOL_CONVERSION = YES;
				CLANG_WARN_COMMA = YES;
				CLANG_WARN_CONSTANT_CONVERSION = YES;
				CLANG_WARN_DEPRECATED_OBJC_IMPLEMENTATIONS = YES;
				CLANG_WARN_DIRECT_OBJC_ISA_USAGE = YES_ERROR;
				CLANG_WARN_DOCUMENTATION_COMMENTS = YES;
				CLANG_WARN_EMPTY_BODY = YES;
				CLANG_WARN_ENUM_CONVERSION = YES;
				CLANG_WARN_INFINITE_RECURSION = YES;
				CLANG_WARN_INT_CONVERSION = YES;
				CLANG_WARN_NON_LITERAL_NULL_CONVERSION = YES;
				CLANG_WARN_OBJC_IMPLICIT_RETAIN_SELF = YES;
				CLANG_WARN_OBJC_LITERAL_CONVERSION = YES;
				CLANG_WARN_OBJC_ROOT_CLASS = YES_ERROR;
				CLANG_WARN_RANGE_LOOP_ANALYSIS = YES;
				CLANG_WARN_STRICT_PROTOTYPES = YES;
				CLANG_WARN_SUSPICIOUS_MOVE = YES;
				CLANG_WARN_UNGUARDED_AVAILABILITY = YES_AGGRESSIVE;
				CLANG_WARN_UNREACHABLE_CODE = YES;
				CLANG_WARN__DUPLICATE_METHOD_MATCH = YES;
				CODE_SIGN_IDENTITY = "iPhone Developer";
				COPY_PHASE_STRIP = NO;
				DEBUG_INFORMATION_FORMAT = "dwarf-with-dsym";
				ENABLE_NS_ASSERTIONS = NO;
				ENABLE_STRICT_OBJC_MSGSEND = YES;
				GCC_C_LANGUAGE_STANDARD = gnu11;
				GCC_NO_COMMON_BLOCKS = YES;
				GCC_WARN_64_TO_32_BIT_CONVERSION = YES;
				GCC_WARN_ABOUT_RETURN_TYPE = YES_ERROR;
				GCC_WARN_UNDECLARED_SELECTOR = YES;
				GCC_WARN_UNINITIALIZED_AUTOS = YES_AGGRESSIVE;
				GCC_WARN_UNUSED_FUNCTION = YES;
				GCC_WARN_UNUSED_VARIABLE = YES;
				IPHONEOS_DEPLOYMENT_TARGET = 11.4;
				MTL_ENABLE_DEBUG_INFO = NO;
				SDKROOT = iphoneos;
				SWIFT_COMPILATION_MODE = wholemodule;
				SWIFT_OPTIMIZATION_LEVEL = "-O";
				VALIDATE_PRODUCT = YES;
			};
			name = Release;
		};
		A43C9D452106BE3300A5143A /* Debug */ = {
			isa = XCBuildConfiguration;
			baseConfigurationReference = D57E7B8FF2C594F2E5358824 /* Pods-IOSDemo.debug.xcconfig */;
			buildSettings = {
				ASSETCATALOG_COMPILER_APPICON_NAME = AppIcon;
				CODE_SIGN_STYLE = Automatic;
				DEVELOPMENT_TEAM = 58GJZXNKU9;
				INFOPLIST_FILE = IOSDemo/Info.plist;
				LD_RUNPATH_SEARCH_PATHS = (
					"$(inherited)",
					"@executable_path/Frameworks",
				);
				PRODUCT_BUNDLE_IDENTIFIER = www.mayousheng.com.IOSDemo;
				PRODUCT_NAME = "$(TARGET_NAME)";
				SWIFT_VERSION = 4.0;
				TARGETED_DEVICE_FAMILY = "1,2";
			};
			name = Debug;
		};
		A43C9D462106BE3300A5143A /* Release */ = {
			isa = XCBuildConfiguration;
			baseConfigurationReference = 9EBA042A9F4A6509559C87C4 /* Pods-IOSDemo.release.xcconfig */;
			buildSettings = {
				ASSETCATALOG_COMPILER_APPICON_NAME = AppIcon;
				CODE_SIGN_STYLE = Automatic;
				DEVELOPMENT_TEAM = 58GJZXNKU9;
				INFOPLIST_FILE = IOSDemo/Info.plist;
				LD_RUNPATH_SEARCH_PATHS = (
					"$(inherited)",
					"@executable_path/Frameworks",
				);
				PRODUCT_BUNDLE_IDENTIFIER = www.mayousheng.com.IOSDemo;
				PRODUCT_NAME = "$(TARGET_NAME)";
				SWIFT_VERSION = 4.0;
				TARGETED_DEVICE_FAMILY = "1,2";
			};
			name = Release;
		};
/* End XCBuildConfiguration section */

/* Begin XCConfigurationList section */
		A43C9D2D2106BE3200A5143A /* Build configuration list for PBXProject "IOSDemo" */ = {
			isa = XCConfigurationList;
			buildConfigurations = (
				A43C9D422106BE3300A5143A /* Debug */,
				A43C9D432106BE3300A5143A /* Release */,
			);
			defaultConfigurationIsVisible = 0;
			defaultConfigurationName = Release;
		};
		A43C9D442106BE3300A5143A /* Build configuration list for PBXNativeTarget "IOSDemo" */ = {
			isa = XCConfigurationList;
			buildConfigurations = (
				A43C9D452106BE3300A5143A /* Debug */,
				A43C9D462106BE3300A5143A /* Release */,
			);
			defaultConfigurationIsVisible = 0;
			defaultConfigurationName = Release;
		};
/* End XCConfigurationList section */
	};
	rootObject = A43C9D2A2106BE3200A5143A /* Project object */;
}
