// !$*UTF8*$!
{
	archiveVersion = 1;
	classes = {
	};
	objectVersion = 50;
	objects = {

/* Begin PBXBuildFile section */
		A43C9D362106BE3200A5143A /* AppDelegate.swift in Sources */ = {isa = PBXBuildFile; fileRef = A43C9D352106BE3200A5143A /* AppDelegate.swift */; };
		A43C9D3D2106BE3300A5143A /* Assets.xcassets in Resources */ = {isa = PBXBuildFile; fileRef = A43C9D3C2106BE3300A5143A /* Assets.xcassets */; };
		A43C9D402106BE3300A5143A /* LaunchScreen.storyboard in Resources */ = {isa = PBXBuildFile; fileRef = A43C9D3E2106BE3300A5143A /* LaunchScreen.storyboard */; };
		A43C9D482106CB2100A5143A /* RootViewController.swift in Sources */ = {isa = PBXBuildFile; fileRef = A43C9D472106CB2100A5143A /* RootViewController.swift */; };
		A44DE9C7210B074A007587E4 /* RedViewController.swift in Sources */ = {isa = PBXBuildFile; fileRef = A44DE9C6210B074A007587E4 /* RedViewController.swift */; };
		A44DE9C9210B0758007587E4 /* BlueViewController.swift in Sources */ = {isa = PBXBuildFile; fileRef = A44DE9C8210B0758007587E4 /* BlueViewController.swift */; };
		A44DE9CC210B076A007587E4 /* GreenViewController.swift in Sources */ = {isa = PBXBuildFile; fileRef = A44DE9CB210B076A007587E4 /* GreenViewController.swift */; };
		A44DE9CE210B1680007587E4 /* MyUINavigationController.swift in Sources */ = {isa = PBXBuildFile; fileRef = A44DE9CD210B1680007587E4 /* MyUINavigationController.swift */; };
		A44DE9D3210B1873007587E4 /* RedTBViewController.swift in Sources */ = {isa = PBXBuildFile; fileRef = A44DE9D2210B1873007587E4 /* RedTBViewController.swift */; };
		A44DE9D5210B188D007587E4 /* BlueTBViewController.swift in Sources */ = {isa = PBXBuildFile; fileRef = A44DE9D4210B188D007587E4 /* BlueTBViewController.swift */; };
		A44DE9D7210B189D007587E4 /* GreenTBViewController.swift in Sources */ = {isa = PBXBuildFile; fileRef = A44DE9D6210B189D007587E4 /* GreenTBViewController.swift */; };
		A44DE9DA210B191C007587E4 /* MyUITabBarControllerViewController.swift in Sources */ = {isa = PBXBuildFile; fileRef = A44DE9D9210B191C007587E4 /* MyUITabBarControllerViewController.swift */; };
		A4D554AE210AFD1B00A8D5DD /* HomeViewController.swift in Sources */ = {isa = PBXBuildFile; fileRef = A4D554AD210AFD1B00A8D5DD /* HomeViewController.swift */; };
		A4DA352E2113EF6C00EBE16C /* UserInfo.swift in Sources */ = {isa = PBXBuildFile; fileRef = A4DA352D2113EF6C00EBE16C /* UserInfo.swift */; };
		A4DA35302113F09E00EBE16C /* DataModel.swift in Sources */ = {isa = PBXBuildFile; fileRef = A4DA352F2113F09E00EBE16C /* DataModel.swift */; };
		A4DA35322113F38F00EBE16C /* DataTestViewController.swift in Sources */ = {isa = PBXBuildFile; fileRef = A4DA35312113F38F00EBE16C /* DataTestViewController.swift */; };
/* End PBXBuildFile section */

/* Begin PBXFileReference section */
		A43C9D322106BE3200A5143A /* IOSDemo.app */ = {isa = PBXFileReference; explicitFileType = wrapper.application; includeInIndex = 0; path = IOSDemo.app; sourceTree = BUILT_PRODUCTS_DIR; };
		A43C9D352106BE3200A5143A /* AppDelegate.swift */ = {isa = PBXFileReference; lastKnownFileType = sourcecode.swift; path = AppDelegate.swift; sourceTree = "<group>"; };
		A43C9D3C2106BE3300A5143A /* Assets.xcassets */ = {isa = PBXFileReference; lastKnownFileType = folder.assetcatalog; path = Assets.xcassets; sourceTree = "<group>"; };
		A43C9D3F2106BE3300A5143A /* Base */ = {isa = PBXFileReference; lastKnownFileType = file.storyboard; name = Base; path = Base.lproj/LaunchScreen.storyboard; sourceTree = "<group>"; };
		A43C9D412106BE3300A5143A /* Info.plist */ = {isa = PBXFileReference; lastKnownFileType = text.plist.xml; path = Info.plist; sourceTree = "<group>"; };
		A43C9D472106CB2100A5143A /* RootViewController.swift */ = {isa = PBXFileReference; lastKnownFileType = sourcecode.swift; path = RootViewController.swift; sourceTree = "<group>"; };
		A44DE9C6210B074A007587E4 /* RedViewController.swift */ = {isa = PBXFileReference; lastKnownFileType = sourcecode.swift; path = RedViewController.swift; sourceTree = "<group>"; };
		A44DE9C8210B0758007587E4 /* BlueViewController.swift */ = {isa = PBXFileReference; lastKnownFileType = sourcecode.swift; path = BlueViewController.swift; sourceTree = "<group>"; };
		A44DE9CB210B076A007587E4 /* GreenViewController.swift */ = {isa = PBXFileReference; lastKnownFileType = sourcecode.swift; path = GreenViewController.swift; sourceTree = "<group>"; };
		A44DE9CD210B1680007587E4 /* MyUINavigationController.swift */ = {isa = PBXFileReference; lastKnownFileType = sourcecode.swift; path = MyUINavigationController.swift; sourceTree = "<group>"; };
		A44DE9D2210B1873007587E4 /* RedTBViewController.swift */ = {isa = PBXFileReference; lastKnownFileType = sourcecode.swift; path = RedTBViewController.swift; sourceTree = "<group>"; };
		A44DE9D4210B188D007587E4 /* BlueTBViewController.swift */ = {isa = PBXFileReference; lastKnownFileType = sourcecode.swift; path = BlueTBViewController.swift; sourceTree = "<group>"; };
		A44DE9D6210B189D007587E4 /* GreenTBViewController.swift */ = {isa = PBXFileReference; lastKnownFileType = sourcecode.swift; path = GreenTBViewController.swift; sourceTree = "<group>"; };
		A44DE9D9210B191C007587E4 /* MyUITabBarControllerViewController.swift */ = {isa = PBXFileReference; lastKnownFileType = sourcecode.swift; path = MyUITabBarControllerViewController.swift; sourceTree = "<group>"; };
		A4D554AD210AFD1B00A8D5DD /* HomeViewController.swift */ = {isa = PBXFileReference; lastKnownFileType = sourcecode.swift; path = HomeViewController.swift; sourceTree = "<group>"; };
		A4DA352D2113EF6C00EBE16C /* UserInfo.swift */ = {isa = PBXFileReference; lastKnownFileType = sourcecode.swift; path = UserInfo.swift; sourceTree = "<group>"; };
		A4DA352F2113F09E00EBE16C /* DataModel.swift */ = {isa = PBXFileReference; lastKnownFileType = sourcecode.swift; path = DataModel.swift; sourceTree = "<group>"; };
		A4DA35312113F38F00EBE16C /* DataTestViewController.swift */ = {isa = PBXFileReference; lastKnownFileType = sourcecode.swift; path = DataTestViewController.swift; sourceTree = "<group>"; };
/* End PBXFileReference section */

/* Begin PBXFrameworksBuildPhase section */
		A43C9D2F2106BE3200A5143A /* Frameworks */ = {
			isa = PBXFrameworksBuildPhase;
			buildActionMask = 2147483647;
			files = (
			);
			runOnlyForDeploymentPostprocessing = 0;
		};
/* End PBXFrameworksBuildPhase section */

/* Begin PBXGroup section */
		A43C9D292106BE3200A5143A = {
			isa = PBXGroup;
			children = (
				A43C9D342106BE3200A5143A /* IOSDemo */,
				A43C9D332106BE3200A5143A /* Products */,
			);
			sourceTree = "<group>";
		};
		A43C9D332106BE3200A5143A /* Products */ = {
			isa = PBXGroup;
			children = (
				A43C9D322106BE3200A5143A /* IOSDemo.app */,
			);
			name = Products;
			sourceTree = "<group>";
		};
		A43C9D342106BE3200A5143A /* IOSDemo */ = {
			isa = PBXGroup;
			children = (
				A4DA352C2113EF5900EBE16C /* Pojo */,
				A4DA352B2113EF4B00EBE16C /* Utils */,
				A44DE9D8210B18D1007587E4 /* controller */,
				A44DE9CF210B180B007587E4 /* tab_bar_controller */,
				A44DE9C5210B0726007587E4 /* ui_navigation_controller */,
				A43C9D352106BE3200A5143A /* AppDelegate.swift */,
				A43C9D3C2106BE3300A5143A /* Assets.xcassets */,
				A43C9D3E2106BE3300A5143A /* LaunchScreen.storyboard */,
				A43C9D412106BE3300A5143A /* Info.plist */,
				A43C9D472106CB2100A5143A /* RootViewController.swift */,
			);
			path = IOSDemo;
			sourceTree = "<group>";
		};
		A44DE9C5210B0726007587E4 /* ui_navigation_controller */ = {
			isa = PBXGroup;
			children = (
				A44DE9C6210B074A007587E4 /* RedViewController.swift */,
				A44DE9C8210B0758007587E4 /* BlueViewController.swift */,
				A44DE9CB210B076A007587E4 /* GreenViewController.swift */,
			);
			path = ui_navigation_controller;
			sourceTree = "<group>";
		};
		A44DE9CF210B180B007587E4 /* tab_bar_controller */ = {
			isa = PBXGroup;
			children = (
				A44DE9D2210B1873007587E4 /* RedTBViewController.swift */,
				A44DE9D4210B188D007587E4 /* BlueTBViewController.swift */,
				A44DE9D6210B189D007587E4 /* GreenTBViewController.swift */,
			);
			path = tab_bar_controller;
			sourceTree = "<group>";
		};
		A44DE9D8210B18D1007587E4 /* controller */ = {
			isa = PBXGroup;
			children = (
				A4D554AD210AFD1B00A8D5DD /* HomeViewController.swift */,
				A44DE9CD210B1680007587E4 /* MyUINavigationController.swift */,
				A44DE9D9210B191C007587E4 /* MyUITabBarControllerViewController.swift */,
				A4DA35312113F38F00EBE16C /* DataTestViewController.swift */,
			);
			path = controller;
			sourceTree = "<group>";
		};
		A4DA352B2113EF4B00EBE16C /* Utils */ = {
			isa = PBXGroup;
			children = (
			);
			path = Utils;
			sourceTree = "<group>";
		};
		A4DA352C2113EF5900EBE16C /* Pojo */ = {
			isa = PBXGroup;
			children = (
				A4DA352D2113EF6C00EBE16C /* UserInfo.swift */,
				A4DA352F2113F09E00EBE16C /* DataModel.swift */,
			);
			path = Pojo;
			sourceTree = "<group>";
		};
/* End PBXGroup section */

/* Begin PBXNativeTarget section */
		A43C9D312106BE3200A5143A /* IOSDemo */ = {
			isa = PBXNativeTarget;
			buildConfigurationList = A43C9D442106BE3300A5143A /* Build configuration list for PBXNativeTarget "IOSDemo" */;
			buildPhases = (
				A43C9D2E2106BE3200A5143A /* Sources */,
				A43C9D2F2106BE3200A5143A /* Frameworks */,
				A43C9D302106BE3200A5143A /* Resources */,
			);
			buildRules = (
			);
			dependencies = (
			);
			name = IOSDemo;
			productName = IOSDemo;
			productReference = A43C9D322106BE3200A5143A /* IOSDemo.app */;
			productType = "com.apple.product-type.application";
		};
/* End PBXNativeTarget section */

/* Begin PBXProject section */
		A43C9D2A2106BE3200A5143A /* Project object */ = {
			isa = PBXProject;
			attributes = {
				LastSwiftUpdateCheck = 0940;
				LastUpgradeCheck = 0940;
				ORGANIZATIONNAME = makai;
				TargetAttributes = {
					A43C9D312106BE3200A5143A = {
						CreatedOnToolsVersion = 9.4.1;
					};
				};
			};
			buildConfigurationList = A43C9D2D2106BE3200A5143A /* Build configuration list for PBXProject "IOSDemo" */;
			compatibilityVersion = "Xcode 9.3";
			developmentRegion = en;
			hasScannedForEncodings = 0;
			knownRegions = (
				en,
				Base,
			);
			mainGroup = A43C9D292106BE3200A5143A;
			productRefGroup = A43C9D332106BE3200A5143A /* Products */;
			projectDirPath = "";
			projectRoot = "";
			targets = (
				A43C9D312106BE3200A5143A /* IOSDemo */,
			);
		};
/* End PBXProject section */

/* Begin PBXResourcesBuildPhase section */
		A43C9D302106BE3200A5143A /* Resources */ = {
			isa = PBXResourcesBuildPhase;
			buildActionMask = 2147483647;
			files = (
				A43C9D402106BE3300A5143A /* LaunchScreen.storyboard in Resources */,
				A43C9D3D2106BE3300A5143A /* Assets.xcassets in Resources */,
			);
			runOnlyForDeploymentPostprocessing = 0;
		};
/* End PBXResourcesBuildPhase section */

/* Begin PBXSourcesBuildPhase section */
		A43C9D2E2106BE3200A5143A /* Sources */ = {
			isa = PBXSourcesBuildPhase;
			buildActionMask = 2147483647;
			files = (
				A44DE9CC210B076A007587E4 /* GreenViewController.swift in Sources */,
				A44DE9C7210B074A007587E4 /* RedViewController.swift in Sources */,
				A44DE9CE210B1680007587E4 /* MyUINavigationController.swift in Sources */,
				A43C9D482106CB2100A5143A /* RootViewController.swift in Sources */,
				A4DA352E2113EF6C00EBE16C /* UserInfo.swift in Sources */,
				A44DE9D5210B188D007587E4 /* BlueTBViewController.swift in Sources */,
				A4DA35302113F09E00EBE16C /* DataModel.swift in Sources */,
				A44DE9D3210B1873007587E4 /* RedTBViewController.swift in Sources */,
				A4DA35322113F38F00EBE16C /* DataTestViewController.swift in Sources */,
				A44DE9DA210B191C007587E4 /* MyUITabBarControllerViewController.swift in Sources */,
				A43C9D362106BE3200A5143A /* AppDelegate.swift in Sources */,
				A44DE9C9210B0758007587E4 /* BlueViewController.swift in Sources */,
				A44DE9D7210B189D007587E4 /* GreenTBViewController.swift in Sources */,
				A4D554AE210AFD1B00A8D5DD /* HomeViewController.swift in Sources */,
			);
			runOnlyForDeploymentPostprocessing = 0;
		};
/* End PBXSourcesBuildPhase section */

/* Begin PBXVariantGroup section */
		A43C9D3E2106BE3300A5143A /* LaunchScreen.storyboard */ = {
			isa = PBXVariantGroup;
			children = (
				A43C9D3F2106BE3300A5143A /* Base */,
			);
			name = LaunchScreen.storyboard;
			sourceTree = "<group>";
		};
/* End PBXVariantGroup section */

/* Begin XCBuildConfiguration section */
		A43C9D422106BE3300A5143A /* Debug */ = {
			isa = XCBuildConfiguration;
			buildSettings = {
				ALWAYS_SEARCH_USER_PATHS = NO;
				CLANG_ANALYZER_NONNULL = YES;
				CLANG_ANALYZER_NUMBER_OBJECT_CONVERSION = YES_AGGRESSIVE;
				CLANG_CXX_LANGUAGE_STANDARD = "gnu++14";
				CLANG_CXX_LIBRARY = "libc++";
				CLANG_ENABLE_MODULES = YES;
				CLANG_ENABLE_OBJC_ARC = YES;
				CLANG_ENABLE_OBJC_WEAK = YES;
				CLANG_WARN_BLOCK_CAPTURE_AUTORELEASING = YES;
				CLANG_WARN_BOOL_CONVERSION = YES;
				CLANG_WARN_COMMA = YES;
				CLANG_WARN_CONSTANT_CONVERSION = YES;
				CLANG_WARN_DEPRECATED_OBJC_IMPLEMENTATIONS = YES;
				CLANG_WARN_DIRECT_OBJC_ISA_USAGE = YES_ERROR;
				CLANG_WARN_DOCUMENTATION_COMMENTS = YES;
				CLANG_WARN_EMPTY_BODY = YES;
				CLANG_WARN_ENUM_CONVERSION = YES;
				CLANG_WARN_INFINITE_RECURSION = YES;
				CLANG_WARN_INT_CONVERSION = YES;
				CLANG_WARN_NON_LITERAL_NULL_CONVERSION = YES;
				CLANG_WARN_OBJC_IMPLICIT_RETAIN_SELF = YES;
				CLANG_WARN_OBJC_LITERAL_CONVERSION = YES;
				CLANG_WARN_OBJC_ROOT_CLASS = YES_ERROR;
				CLANG_WARN_RANGE_LOOP_ANALYSIS = YES;
				CLANG_WARN_STRICT_PROTOTYPES = YES;
				CLANG_WARN_SUSPICIOUS_MOVE = YES;
				CLANG_WARN_UNGUARDED_AVAILABILITY = YES_AGGRESSIVE;
				CLANG_WARN_UNREACHABLE_CODE = YES;
				CLANG_WARN__DUPLICATE_METHOD_MATCH = YES;
				CODE_SIGN_IDENTITY = "iPhone Developer";
				COPY_PHASE_STRIP = NO;
				DEBUG_INFORMATION_FORMAT = dwarf;
				ENABLE_STRICT_OBJC_MSGSEND = YES;
				ENABLE_TESTABILITY = YES;
				GCC_C_LANGUAGE_STANDARD = gnu11;
				GCC_DYNAMIC_NO_PIC = NO;
				GCC_NO_COMMON_BLOCKS = YES;
				GCC_OPTIMIZATION_LEVEL = 0;
				GCC_PREPROCESSOR_DEFINITIONS = (
					"DEBUG=1",
					"$(inherited)",
				);
				GCC_WARN_64_TO_32_BIT_CONVERSION = YES;
				GCC_WARN_ABOUT_RETURN_TYPE = YES_ERROR;
				GCC_WARN_UNDECLARED_SELECTOR = YES;
				GCC_WARN_UNINITIALIZED_AUTOS = YES_AGGRESSIVE;
				GCC_WARN_UNUSED_FUNCTION = YES;
				GCC_WARN_UNUSED_VARIABLE = YES;
				IPHONEOS_DEPLOYMENT_TARGET = 11.4;
				MTL_ENABLE_DEBUG_INFO = YES;
				ONLY_ACTIVE_ARCH = YES;
				SDKROOT = iphoneos;
				SWIFT_ACTIVE_COMPILATION_CONDITIONS = DEBUG;
				SWIFT_OPTIMIZATION_LEVEL = "-Onone";
			};
			name = Debug;
		};
		A43C9D432106BE3300A5143A /* Release */ = {
			isa = XCBuildConfiguration;
			buildSettings = {
				ALWAYS_SEARCH_USER_PATHS = NO;
				CLANG_ANALYZER_NONNULL = YES;
				CLANG_ANALYZER_NUMBER_OBJECT_CONVERSION = YES_AGGRESSIVE;
				CLANG_CXX_LANGUAGE_STANDARD = "gnu++14";
				CLANG_CXX_LIBRARY = "libc++";
				CLANG_ENABLE_MODULES = YES;
				CLANG_ENABLE_OBJC_ARC = YES;
				CLANG_ENABLE_OBJC_WEAK = YES;
				CLANG_WARN_BLOCK_CAPTURE_AUTORELEASING = YES;
				CLANG_WARN_BOOL_CONVERSION = YES;
				CLANG_WARN_COMMA = YES;
				CLANG_WARN_CONSTANT_CONVERSION = YES;
				CLANG_WARN_DEPRECATED_OBJC_IMPLEMENTATIONS = YES;
				CLANG_WARN_DIRECT_OBJC_ISA_USAGE = YES_ERROR;
				CLANG_WARN_DOCUMENTATION_COMMENTS = YES;
				CLANG_WARN_EMPTY_BODY = YES;
				CLANG_WARN_ENUM_CONVERSION = YES;
				CLANG_WARN_INFINITE_RECURSION = YES;
				CLANG_WARN_INT_CONVERSION = YES;
				CLANG_WARN_NON_LITERAL_NULL_CONVERSION = YES;
				CLANG_WARN_OBJC_IMPLICIT_RETAIN_SELF = YES;
				CLANG_WARN_OBJC_LITERAL_CONVERSION = YES;
				CLANG_WARN_OBJC_ROOT_CLASS = YES_ERROR;
				CLANG_WARN_RANGE_LOOP_ANALYSIS = YES;
				CLANG_WARN_STRICT_PROTOTYPES = YES;
				CLANG_WARN_SUSPICIOUS_MOVE = YES;
				CLANG_WARN_UNGUARDED_AVAILABILITY = YES_AGGRESSIVE;
				CLANG_WARN_UNREACHABLE_CODE = YES;
				CLANG_WARN__DUPLICATE_METHOD_MATCH = YES;
				CODE_SIGN_IDENTITY = "iPhone Developer";
				COPY_PHASE_STRIP = NO;
				DEBUG_INFORMATION_FORMAT = "dwarf-with-dsym";
				ENABLE_NS_ASSERTIONS = NO;
				ENABLE_STRICT_OBJC_MSGSEND = YES;
				GCC_C_LANGUAGE_STANDARD = gnu11;
				GCC_NO_COMMON_BLOCKS = YES;
				GCC_WARN_64_TO_32_BIT_CONVERSION = YES;
				GCC_WARN_ABOUT_RETURN_TYPE = YES_ERROR;
				GCC_WARN_UNDECLARED_SELECTOR = YES;
				GCC_WARN_UNINITIALIZED_AUTOS = YES_AGGRESSIVE;
				GCC_WARN_UNUSED_FUNCTION = YES;
				GCC_WARN_UNUSED_VARIABLE = YES;
				IPHONEOS_DEPLOYMENT_TARGET = 11.4;
				MTL_ENABLE_DEBUG_INFO = NO;
				SDKROOT = iphoneos;
				SWIFT_COMPILATION_MODE = wholemodule;
				SWIFT_OPTIMIZATION_LEVEL = "-O";
				VALIDATE_PRODUCT = YES;
			};
			name = Release;
		};
		A43C9D452106BE3300A5143A /* Debug */ = {
			isa = XCBuildConfiguration;
			buildSettings = {
				ASSETCATALOG_COMPILER_APPICON_NAME = AppIcon;
				CODE_SIGN_STYLE = Automatic;
				DEVELOPMENT_TEAM = 4BH5998C39;
				INFOPLIST_FILE = IOSDemo/Info.plist;
				LD_RUNPATH_SEARCH_PATHS = (
					"$(inherited)",
					"@executable_path/Frameworks",
				);
				PRODUCT_BUNDLE_IDENTIFIER = www.mayousheng.com.IOSDemo;
				PRODUCT_NAME = "$(TARGET_NAME)";
				SWIFT_VERSION = 4.0;
				TARGETED_DEVICE_FAMILY = "1,2";
			};
			name = Debug;
		};
		A43C9D462106BE3300A5143A /* Release */ = {
			isa = XCBuildConfiguration;
			buildSettings = {
				ASSETCATALOG_COMPILER_APPICON_NAME = AppIcon;
				CODE_SIGN_STYLE = Automatic;
				DEVELOPMENT_TEAM = 4BH5998C39;
				INFOPLIST_FILE = IOSDemo/Info.plist;
				LD_RUNPATH_SEARCH_PATHS = (
					"$(inherited)",
					"@executable_path/Frameworks",
				);
				PRODUCT_BUNDLE_IDENTIFIER = www.mayousheng.com.IOSDemo;
				PRODUCT_NAME = "$(TARGET_NAME)";
				SWIFT_VERSION = 4.0;
				TARGETED_DEVICE_FAMILY = "1,2";
			};
			name = Release;
		};
/* End XCBuildConfiguration section */

/* Begin XCConfigurationList section */
		A43C9D2D2106BE3200A5143A /* Build configuration list for PBXProject "IOSDemo" */ = {
			isa = XCConfigurationList;
			buildConfigurations = (
				A43C9D422106BE3300A5143A /* Debug */,
				A43C9D432106BE3300A5143A /* Release */,
			);
			defaultConfigurationIsVisible = 0;
			defaultConfigurationName = Release;
		};
		A43C9D442106BE3300A5143A /* Build configuration list for PBXNativeTarget "IOSDemo" */ = {
			isa = XCConfigurationList;
			buildConfigurations = (
				A43C9D452106BE3300A5143A /* Debug */,
				A43C9D462106BE3300A5143A /* Release */,
			);
			defaultConfigurationIsVisible = 0;
			defaultConfigurationName = Release;
		};
/* End XCConfigurationList section */
	};
	rootObject = A43C9D2A2106BE3200A5143A /* Project object */;
}
